
Microsoft Visual Studio Solution File, Format Version 12.00
# Visual Studio Version 16
VisualStudioVersion = 16.0.31911.196
MinimumVisualStudioVersion = 10.0.40219.1
Project("{FAE04EC0-301F-11D3-BF4B-00C04F79EFBC}") = "Задание Wpf16", "Задание Wpf16\Задание Wpf16.csproj", "{14D96DC1-C65E-4673-9332-DF718C8A2464}"
EndProject
Project("{FAE04EC0-301F-11D3-BF4B-00C04F79EFBC}") = "Задание Wpf16-2", "Задание Wpf16-2\Задание Wpf16-2.csproj", "{FD9C0CF1-6C03-49C7-AA2D-BEEBD9249211}"
EndProject
Global
	GlobalSection(SolutionConfigurationPlatforms) = preSolution
		Debug|Any CPU = Debug|Any CPU
		Release|Any CPU = Release|Any CPU
	EndGlobalSection
	GlobalSection(ProjectConfigurationPlatforms) = postSolution
		{14D96DC1-C65E-4673-9332-DF718C8A2464}.Debug|Any CPU.ActiveCfg = Debug|Any CPU
		{14D96DC1-C65E-4673-9332-DF718C8A2464}.Debug|Any CPU.Build.0 = Debug|Any CPU
		{14D96DC1-C65E-4673-9332-DF718C8A2464}.Release|Any CPU.ActiveCfg = Release|Any CPU
		{14D96DC1-C65E-4673-9332-DF718C8A2464}.Release|Any CPU.Build.0 = Release|Any CPU
		{FD9C0CF1-6C03-49C7-AA2D-BEEBD9249211}.Debug|Any CPU.ActiveCfg = Debug|Any CPU
		{FD9C0CF1-6C03-49C7-AA2D-BEEBD9249211}.Debug|Any CPU.Build.0 = Debug|Any CPU
		{FD9C0CF1-6C03-49C7-AA2D-BEEBD9249211}.Release|Any CPU.ActiveCfg = Release|Any CPU
		{FD9C0CF1-6C03-49C7-AA2D-BEEBD9249211}.Release|Any CPU.Build.0 = Release|Any CPU
	EndGlobalSection
	GlobalSection(SolutionProperties) = preSolution
		HideSolutionNode = FALSE
	EndGlobalSection
	GlobalSection(ExtensibilityGlobals) = postSolution
		SolutionGuid = {E08DCEB3-E3A0-4392-AF66-690CF99F2520}
	EndGlobalSection
EndGlobal
